
Microsoft Visual Studio Solution File, Format Version 12.00
# Visual Studio Version 17
VisualStudioVersion = 17.5.33414.496
MinimumVisualStudioVersion = 10.0.40219.1
Project("{8BC9CEB8-8B4A-11D0-8D11-00A0C91BC942}") = "HelloWorld", "HelloWorld.vcxproj", "{7C1F3D97-CA72-4356-B6A3-E30F7FC2F3B0}"
EndProject
Global
	GlobalSection(SolutionConfigurationPlatforms) = preSolution
		Debug|x64 = Debug|x64
		Debug|x86 = Debug|x86
		Release|x64 = Release|x64
		Release|x86 = Release|x86
	EndGlobalSection
	GlobalSection(ProjectConfigurationPlatforms) = postSolution
		{7C1F3D97-CA72-4356-B6A3-E30F7FC2F3B0}.Debug|x64.ActiveCfg = Debug|x64
		{7C1F3D97-CA72-4356-B6A3-E30F7FC2F3B0}.Debug|x64.Build.0 = Debug|x64
		{7C1F3D97-CA72-4356-B6A3-E30F7FC2F3B0}.Debug|x86.ActiveCfg = Debug|Win32
		{7C1F3D97-CA72-4356-B6A3-E30F7FC2F3B0}.Debug|x86.Build.0 = Debug|Win32
		{7C1F3D97-CA72-4356-B6A3-E30F7FC2F3B0}.Release|x64.ActiveCfg = Release|x64
		{7C1F3D97-CA72-4356-B6A3-E30F7FC2F3B0}.Release|x64.Build.0 = Release|x64
		{7C1F3D97-CA72-4356-B6A3-E30F7FC2F3B0}.Release|x86.ActiveCfg = Release|Win32
		{7C1F3D97-CA72-4356-B6A3-E30F7FC2F3B0}.Release|x86.Build.0 = Release|Win32
	EndGlobalSection
	GlobalSection(SolutionProperties) = preSolution
		HideSolutionNode = FALSE
	EndGlobalSection
	GlobalSection(ExtensibilityGlobals) = postSolution
		SolutionGuid = {2F668214-20D1-466B-8E89-D5FD946ABC65}
	EndGlobalSection
EndGlobal
