
Microsoft Visual Studio Solution File, Format Version 12.00
# Visual Studio Version 17
VisualStudioVersion = 17.5.33414.496
MinimumVisualStudioVersion = 10.0.40219.1
Project("{8BC9CEB8-8B4A-11D0-8D11-00A0C91BC942}") = "Shared_Memory", "Shared_Memory.vcxproj", "{EE15FF4A-AFC3-4B64-8CCE-B5E5D4372557}"
EndProject
Global
	GlobalSection(SolutionConfigurationPlatforms) = preSolution
		Debug|x64 = Debug|x64
		Debug|x86 = Debug|x86
		Release|x64 = Release|x64
		Release|x86 = Release|x86
	EndGlobalSection
	GlobalSection(ProjectConfigurationPlatforms) = postSolution
		{EE15FF4A-AFC3-4B64-8CCE-B5E5D4372557}.Debug|x64.ActiveCfg = Debug|x64
		{EE15FF4A-AFC3-4B64-8CCE-B5E5D4372557}.Debug|x64.Build.0 = Debug|x64
		{EE15FF4A-AFC3-4B64-8CCE-B5E5D4372557}.Debug|x86.ActiveCfg = Debug|Win32
		{EE15FF4A-AFC3-4B64-8CCE-B5E5D4372557}.Debug|x86.Build.0 = Debug|Win32
		{EE15FF4A-AFC3-4B64-8CCE-B5E5D4372557}.Release|x64.ActiveCfg = Release|x64
		{EE15FF4A-AFC3-4B64-8CCE-B5E5D4372557}.Release|x64.Build.0 = Release|x64
		{EE15FF4A-AFC3-4B64-8CCE-B5E5D4372557}.Release|x86.ActiveCfg = Release|Win32
		{EE15FF4A-AFC3-4B64-8CCE-B5E5D4372557}.Release|x86.Build.0 = Release|Win32
	EndGlobalSection
	GlobalSection(SolutionProperties) = preSolution
		HideSolutionNode = FALSE
	EndGlobalSection
	GlobalSection(ExtensibilityGlobals) = postSolution
		SolutionGuid = {F4E117FC-6A4F-48D9-B4C7-709E5BA7CE3E}
	EndGlobalSection
EndGlobal
